
Microsoft Visual Studio Solution File, Format Version 12.00
# Visual Studio Version 16
VisualStudioVersion = 16.0.30907.101
MinimumVisualStudioVersion = 10.0.40219.1
Project("{FAE04EC0-301F-11D3-BF4B-00C04F79EFBC}") = "LinkedList", "LinkedList\LinkedList.csproj", "{DEC26AFE-383B-42C3-867F-6BBEA20003C5}"
EndProject
Global
	GlobalSection(SolutionConfigurationPlatforms) = preSolution
		Debug|Any CPU = Debug|Any CPU
		Release|Any CPU = Release|Any CPU
	EndGlobalSection
	GlobalSection(ProjectConfigurationPlatforms) = postSolution
		{DEC26AFE-383B-42C3-867F-6BBEA20003C5}.Debug|Any CPU.ActiveCfg = Debug|Any CPU
		{DEC26AFE-383B-42C3-867F-6BBEA20003C5}.Debug|Any CPU.Build.0 = Debug|Any CPU
		{DEC26AFE-383B-42C3-867F-6BBEA20003C5}.Release|Any CPU.ActiveCfg = Release|Any CPU
		{DEC26AFE-383B-42C3-867F-6BBEA20003C5}.Release|Any CPU.Build.0 = Release|Any CPU
	EndGlobalSection
	GlobalSection(SolutionProperties) = preSolution
		HideSolutionNode = FALSE
	EndGlobalSection
	GlobalSection(ExtensibilityGlobals) = postSolution
		SolutionGuid = {AF604086-0980-4842-B1C7-FB6D77D24064}
	EndGlobalSection
EndGlobal
